
Microsoft Visual Studio Solution File, Format Version 12.00
# Visual Studio Version 16
VisualStudioVersion = 16.0.32630.194
MinimumVisualStudioVersion = 10.0.40219.1
Project("{2150E333-8FDC-42A3-9474-1A3956D46DE8}") = "Solution Items", "Solution Items", "{DE9FDB99-CB95-42E4-B7C7-32B12BB718A3}"
EndProject
Project("{9A19103F-16F7-4668-BE54-9A1E7A4F7556}") = "PawnTableGrouped", "PawnTableGrouped\PawnTableGrouped.csproj", "{2A51480C-712D-4EDE-BDF8-77F5C671BBDE}"
EndProject
Project("{9A19103F-16F7-4668-BE54-9A1E7A4F7556}") = "ColonyGroupsSupport", "ColonyGroupsSupport\ColonyGroupsSupport.csproj", "{0C420941-23CE-4CD9-B7FF-980625A25856}"
EndProject
Project("{9A19103F-16F7-4668-BE54-9A1E7A4F7556}") = "HospitalitySupport", "HospitalitySupport\HospitalitySupport.csproj", "{7883C69A-EAD9-43FC-B4D2-26412C7B69E5}"
EndProject
Project("{9A19103F-16F7-4668-BE54-9A1E7A4F7556}") = "SimpleSlavery", "SimpleSlaveryDepricated\SimpleSlavery.csproj", "{5205ACBF-72EC-4F88-977B-3BDE7FE5A78D}"
EndProject
Project("{9A19103F-16F7-4668-BE54-9A1E7A4F7556}") = "WorkTabSupport", "WorkTabSupport\WorkTabSupport.csproj", "{395CF3E5-6599-448D-8165-4BD495901964}"
EndProject
Global
	GlobalSection(SolutionConfigurationPlatforms) = preSolution
		Debug|Any CPU = Debug|Any CPU
		Release|Any CPU = Release|Any CPU
		rw1.1|Any CPU = rw1.1|Any CPU
		rw1.2|Any CPU = rw1.2|Any CPU
		rw1.3|Any CPU = rw1.3|Any CPU
		rw1.4|Any CPU = rw1.4|Any CPU
	EndGlobalSection
	GlobalSection(ProjectConfigurationPlatforms) = postSolution
		{2A51480C-712D-4EDE-BDF8-77F5C671BBDE}.Debug|Any CPU.ActiveCfg = Debug|Any CPU
		{2A51480C-712D-4EDE-BDF8-77F5C671BBDE}.Debug|Any CPU.Build.0 = Debug|Any CPU
		{2A51480C-712D-4EDE-BDF8-77F5C671BBDE}.Release|Any CPU.ActiveCfg = Release|Any CPU
		{2A51480C-712D-4EDE-BDF8-77F5C671BBDE}.Release|Any CPU.Build.0 = Release|Any CPU
		{2A51480C-712D-4EDE-BDF8-77F5C671BBDE}.rw1.1|Any CPU.ActiveCfg = rw1.1|Any CPU
		{2A51480C-712D-4EDE-BDF8-77F5C671BBDE}.rw1.1|Any CPU.Build.0 = rw1.1|Any CPU
		{2A51480C-712D-4EDE-BDF8-77F5C671BBDE}.rw1.2|Any CPU.ActiveCfg = rw1.2|Any CPU
		{2A51480C-712D-4EDE-BDF8-77F5C671BBDE}.rw1.2|Any CPU.Build.0 = rw1.2|Any CPU
		{2A51480C-712D-4EDE-BDF8-77F5C671BBDE}.rw1.3|Any CPU.ActiveCfg = rw1.3|Any CPU
		{2A51480C-712D-4EDE-BDF8-77F5C671BBDE}.rw1.3|Any CPU.Build.0 = rw1.3|Any CPU
		{2A51480C-712D-4EDE-BDF8-77F5C671BBDE}.rw1.4|Any CPU.ActiveCfg = rw1.4|Any CPU
		{2A51480C-712D-4EDE-BDF8-77F5C671BBDE}.rw1.4|Any CPU.Build.0 = rw1.4|Any CPU
		{0C420941-23CE-4CD9-B7FF-980625A25856}.Debug|Any CPU.ActiveCfg = Debug|Any CPU
		{0C420941-23CE-4CD9-B7FF-980625A25856}.Debug|Any CPU.Build.0 = Debug|Any CPU
		{0C420941-23CE-4CD9-B7FF-980625A25856}.Release|Any CPU.ActiveCfg = Release|Any CPU
		{0C420941-23CE-4CD9-B7FF-980625A25856}.Release|Any CPU.Build.0 = Release|Any CPU
		{0C420941-23CE-4CD9-B7FF-980625A25856}.rw1.1|Any CPU.ActiveCfg = rw1.2|Any CPU
		{0C420941-23CE-4CD9-B7FF-980625A25856}.rw1.2|Any CPU.ActiveCfg = rw1.2|Any CPU
		{0C420941-23CE-4CD9-B7FF-980625A25856}.rw1.2|Any CPU.Build.0 = rw1.2|Any CPU
		{0C420941-23CE-4CD9-B7FF-980625A25856}.rw1.3|Any CPU.ActiveCfg = rw1.3|Any CPU
		{0C420941-23CE-4CD9-B7FF-980625A25856}.rw1.3|Any CPU.Build.0 = rw1.3|Any CPU
		{0C420941-23CE-4CD9-B7FF-980625A25856}.rw1.4|Any CPU.ActiveCfg = rw1.4|Any CPU
		{0C420941-23CE-4CD9-B7FF-980625A25856}.rw1.4|Any CPU.Build.0 = rw1.4|Any CPU
		{7883C69A-EAD9-43FC-B4D2-26412C7B69E5}.Debug|Any CPU.ActiveCfg = Debug|Any CPU
		{7883C69A-EAD9-43FC-B4D2-26412C7B69E5}.Debug|Any CPU.Build.0 = Debug|Any CPU
		{7883C69A-EAD9-43FC-B4D2-26412C7B69E5}.Release|Any CPU.ActiveCfg = Release|Any CPU
		{7883C69A-EAD9-43FC-B4D2-26412C7B69E5}.Release|Any CPU.Build.0 = Release|Any CPU
		{7883C69A-EAD9-43FC-B4D2-26412C7B69E5}.rw1.1|Any CPU.ActiveCfg = rw1.1|Any CPU
		{7883C69A-EAD9-43FC-B4D2-26412C7B69E5}.rw1.1|Any CPU.Build.0 = rw1.1|Any CPU
		{7883C69A-EAD9-43FC-B4D2-26412C7B69E5}.rw1.2|Any CPU.ActiveCfg = rw1.2|Any CPU
		{7883C69A-EAD9-43FC-B4D2-26412C7B69E5}.rw1.2|Any CPU.Build.0 = rw1.2|Any CPU
		{7883C69A-EAD9-43FC-B4D2-26412C7B69E5}.rw1.3|Any CPU.ActiveCfg = rw1.3|Any CPU
		{7883C69A-EAD9-43FC-B4D2-26412C7B69E5}.rw1.3|Any CPU.Build.0 = rw1.3|Any CPU
		{7883C69A-EAD9-43FC-B4D2-26412C7B69E5}.rw1.4|Any CPU.ActiveCfg = rw1.4|Any CPU
		{7883C69A-EAD9-43FC-B4D2-26412C7B69E5}.rw1.4|Any CPU.Build.0 = rw1.4|Any CPU
		{5205ACBF-72EC-4F88-977B-3BDE7FE5A78D}.Debug|Any CPU.ActiveCfg = Debug|Any CPU
		{5205ACBF-72EC-4F88-977B-3BDE7FE5A78D}.Release|Any CPU.ActiveCfg = Release|Any CPU
		{5205ACBF-72EC-4F88-977B-3BDE7FE5A78D}.rw1.1|Any CPU.ActiveCfg = rw1.1|Any CPU
		{5205ACBF-72EC-4F88-977B-3BDE7FE5A78D}.rw1.1|Any CPU.Build.0 = rw1.1|Any CPU
		{5205ACBF-72EC-4F88-977B-3BDE7FE5A78D}.rw1.2|Any CPU.ActiveCfg = rw1.2|Any CPU
		{5205ACBF-72EC-4F88-977B-3BDE7FE5A78D}.rw1.2|Any CPU.Build.0 = rw1.2|Any CPU
		{5205ACBF-72EC-4F88-977B-3BDE7FE5A78D}.rw1.3|Any CPU.ActiveCfg = rw1.2|Any CPU
		{5205ACBF-72EC-4F88-977B-3BDE7FE5A78D}.rw1.4|Any CPU.ActiveCfg = rw1.2|Any CPU
		{395CF3E5-6599-448D-8165-4BD495901964}.Debug|Any CPU.ActiveCfg = Debug|Any CPU
		{395CF3E5-6599-448D-8165-4BD495901964}.Debug|Any CPU.Build.0 = Debug|Any CPU
		{395CF3E5-6599-448D-8165-4BD495901964}.Release|Any CPU.ActiveCfg = Release|Any CPU
		{395CF3E5-6599-448D-8165-4BD495901964}.Release|Any CPU.Build.0 = Release|Any CPU
		{395CF3E5-6599-448D-8165-4BD495901964}.rw1.1|Any CPU.ActiveCfg = rw1.1|Any CPU
		{395CF3E5-6599-448D-8165-4BD495901964}.rw1.1|Any CPU.Build.0 = rw1.1|Any CPU
		{395CF3E5-6599-448D-8165-4BD495901964}.rw1.2|Any CPU.ActiveCfg = rw1.2|Any CPU
		{395CF3E5-6599-448D-8165-4BD495901964}.rw1.2|Any CPU.Build.0 = rw1.2|Any CPU
		{395CF3E5-6599-448D-8165-4BD495901964}.rw1.3|Any CPU.ActiveCfg = rw1.3|Any CPU
		{395CF3E5-6599-448D-8165-4BD495901964}.rw1.3|Any CPU.Build.0 = rw1.3|Any CPU
		{395CF3E5-6599-448D-8165-4BD495901964}.rw1.4|Any CPU.ActiveCfg = rw1.4|Any CPU
		{395CF3E5-6599-448D-8165-4BD495901964}.rw1.4|Any CPU.Build.0 = rw1.4|Any CPU
	EndGlobalSection
	GlobalSection(SolutionProperties) = preSolution
		HideSolutionNode = FALSE
	EndGlobalSection
	GlobalSection(ExtensibilityGlobals) = postSolution
		SolutionGuid = {45571779-22F7-4F68-985F-4E5CDBE9AA2D}
	EndGlobalSection
EndGlobal
