
Microsoft Visual Studio Solution File, Format Version 12.00
# Visual Studio Version 16
VisualStudioVersion = 16.0.30406.217
MinimumVisualStudioVersion = 10.0.40219.1
Project("{2150E333-8FDC-42A3-9474-1A3956D46DE8}") = "Solution Items", "Solution Items", "{DE9FDB99-CB95-42E4-B7C7-32B12BB718A3}"
EndProject
Project("{FAE04EC0-301F-11D3-BF4B-00C04F79EFBC}") = "PawnTableGrouped", "PawnTableGrouped\PawnTableGrouped.csproj", "{2A51480C-712D-4EDE-BDF8-77F5C671BBDE}"
EndProject
Project("{FAE04EC0-301F-11D3-BF4B-00C04F79EFBC}") = "ColonyGroupsSupport", "ColonyGroupsSupport\ColonyGroupsSupport.csproj", "{0C420941-23CE-4CD9-B7FF-980625A25856}"
EndProject
Project("{FAE04EC0-301F-11D3-BF4B-00C04F79EFBC}") = "HospitalitySupport", "HospitalitySupport\HospitalitySupport.csproj", "{7883C69A-EAD9-43FC-B4D2-26412C7B69E5}"
EndProject
Project("{FAE04EC0-301F-11D3-BF4B-00C04F79EFBC}") = "SimpleSlavery", "SimpleSlaveryDepricated\SimpleSlavery.csproj", "{5205ACBF-72EC-4F88-977B-3BDE7FE5A78D}"
EndProject
Global
	GlobalSection(SolutionConfigurationPlatforms) = preSolution
		1.1|Any CPU = 1.1|Any CPU
		1.2|Any CPU = 1.2|Any CPU
		1.3|Any CPU = 1.3|Any CPU
		1.4|Any CPU = 1.4|Any CPU
		Debug|Any CPU = Debug|Any CPU
		Release|Any CPU = Release|Any CPU
	EndGlobalSection
	GlobalSection(ProjectConfigurationPlatforms) = postSolution
		{2A51480C-712D-4EDE-BDF8-77F5C671BBDE}.1.1|Any CPU.ActiveCfg = 1.1|Any CPU
		{2A51480C-712D-4EDE-BDF8-77F5C671BBDE}.1.1|Any CPU.Build.0 = 1.1|Any CPU
		{2A51480C-712D-4EDE-BDF8-77F5C671BBDE}.1.2|Any CPU.ActiveCfg = 1.2|Any CPU
		{2A51480C-712D-4EDE-BDF8-77F5C671BBDE}.1.2|Any CPU.Build.0 = 1.2|Any CPU
		{2A51480C-712D-4EDE-BDF8-77F5C671BBDE}.1.3|Any CPU.ActiveCfg = 1.3|Any CPU
		{2A51480C-712D-4EDE-BDF8-77F5C671BBDE}.1.3|Any CPU.Build.0 = 1.3|Any CPU
		{2A51480C-712D-4EDE-BDF8-77F5C671BBDE}.1.4|Any CPU.ActiveCfg = 1.4|Any CPU
		{2A51480C-712D-4EDE-BDF8-77F5C671BBDE}.1.4|Any CPU.Build.0 = 1.4|Any CPU
		{2A51480C-712D-4EDE-BDF8-77F5C671BBDE}.Debug|Any CPU.ActiveCfg = Debug|Any CPU
		{2A51480C-712D-4EDE-BDF8-77F5C671BBDE}.Debug|Any CPU.Build.0 = Debug|Any CPU
		{2A51480C-712D-4EDE-BDF8-77F5C671BBDE}.Release|Any CPU.ActiveCfg = Release|Any CPU
		{2A51480C-712D-4EDE-BDF8-77F5C671BBDE}.Release|Any CPU.Build.0 = Release|Any CPU
		{0C420941-23CE-4CD9-B7FF-980625A25856}.1.1|Any CPU.ActiveCfg = 1.2|Any CPU
		{0C420941-23CE-4CD9-B7FF-980625A25856}.1.2|Any CPU.ActiveCfg = 1.2|Any CPU
		{0C420941-23CE-4CD9-B7FF-980625A25856}.1.2|Any CPU.Build.0 = 1.2|Any CPU
		{0C420941-23CE-4CD9-B7FF-980625A25856}.1.3|Any CPU.ActiveCfg = 1.3|Any CPU
		{0C420941-23CE-4CD9-B7FF-980625A25856}.1.3|Any CPU.Build.0 = 1.3|Any CPU
		{0C420941-23CE-4CD9-B7FF-980625A25856}.1.4|Any CPU.ActiveCfg = 1.4|Any CPU
		{0C420941-23CE-4CD9-B7FF-980625A25856}.1.4|Any CPU.Build.0 = 1.4|Any CPU
		{0C420941-23CE-4CD9-B7FF-980625A25856}.Debug|Any CPU.ActiveCfg = Debug|Any CPU
		{0C420941-23CE-4CD9-B7FF-980625A25856}.Debug|Any CPU.Build.0 = Debug|Any CPU
		{0C420941-23CE-4CD9-B7FF-980625A25856}.Release|Any CPU.ActiveCfg = Release|Any CPU
		{0C420941-23CE-4CD9-B7FF-980625A25856}.Release|Any CPU.Build.0 = Release|Any CPU
		{7883C69A-EAD9-43FC-B4D2-26412C7B69E5}.1.1|Any CPU.ActiveCfg = 1.1|Any CPU
		{7883C69A-EAD9-43FC-B4D2-26412C7B69E5}.1.1|Any CPU.Build.0 = 1.1|Any CPU
		{7883C69A-EAD9-43FC-B4D2-26412C7B69E5}.1.2|Any CPU.ActiveCfg = 1.2|Any CPU
		{7883C69A-EAD9-43FC-B4D2-26412C7B69E5}.1.2|Any CPU.Build.0 = 1.2|Any CPU
		{7883C69A-EAD9-43FC-B4D2-26412C7B69E5}.1.3|Any CPU.ActiveCfg = 1.3|Any CPU
		{7883C69A-EAD9-43FC-B4D2-26412C7B69E5}.1.3|Any CPU.Build.0 = 1.3|Any CPU
		{7883C69A-EAD9-43FC-B4D2-26412C7B69E5}.1.4|Any CPU.ActiveCfg = 1.4|Any CPU
		{7883C69A-EAD9-43FC-B4D2-26412C7B69E5}.1.4|Any CPU.Build.0 = 1.4|Any CPU
		{7883C69A-EAD9-43FC-B4D2-26412C7B69E5}.Debug|Any CPU.ActiveCfg = Debug|Any CPU
		{7883C69A-EAD9-43FC-B4D2-26412C7B69E5}.Debug|Any CPU.Build.0 = Debug|Any CPU
		{7883C69A-EAD9-43FC-B4D2-26412C7B69E5}.Release|Any CPU.ActiveCfg = Release|Any CPU
		{7883C69A-EAD9-43FC-B4D2-26412C7B69E5}.Release|Any CPU.Build.0 = Release|Any CPU
		{5205ACBF-72EC-4F88-977B-3BDE7FE5A78D}.1.1|Any CPU.ActiveCfg = 1.1|Any CPU
		{5205ACBF-72EC-4F88-977B-3BDE7FE5A78D}.1.1|Any CPU.Build.0 = 1.1|Any CPU
		{5205ACBF-72EC-4F88-977B-3BDE7FE5A78D}.1.2|Any CPU.ActiveCfg = 1.2|Any CPU
		{5205ACBF-72EC-4F88-977B-3BDE7FE5A78D}.1.2|Any CPU.Build.0 = 1.2|Any CPU
		{5205ACBF-72EC-4F88-977B-3BDE7FE5A78D}.1.3|Any CPU.ActiveCfg = 1.3|Any CPU
		{5205ACBF-72EC-4F88-977B-3BDE7FE5A78D}.1.4|Any CPU.ActiveCfg = 1.4|Any CPU
		{5205ACBF-72EC-4F88-977B-3BDE7FE5A78D}.Debug|Any CPU.ActiveCfg = Debug|Any CPU
		{5205ACBF-72EC-4F88-977B-3BDE7FE5A78D}.Debug|Any CPU.Build.0 = Debug|Any CPU
		{5205ACBF-72EC-4F88-977B-3BDE7FE5A78D}.Release|Any CPU.ActiveCfg = Release|Any CPU
		{5205ACBF-72EC-4F88-977B-3BDE7FE5A78D}.Release|Any CPU.Build.0 = Release|Any CPU
	EndGlobalSection
	GlobalSection(SolutionProperties) = preSolution
		HideSolutionNode = FALSE
	EndGlobalSection
	GlobalSection(ExtensibilityGlobals) = postSolution
		SolutionGuid = {45571779-22F7-4F68-985F-4E5CDBE9AA2D}
	EndGlobalSection
EndGlobal
