
Microsoft Visual Studio Solution File, Format Version 12.00
# Visual Studio 15
VisualStudioVersion = 15.0.28307.1231
MinimumVisualStudioVersion = 10.0.40219.1
Project("{FAE04EC0-301F-11D3-BF4B-00C04F79EFBC}") = "WildLifeTabAlt", "WildLifeTabAlt.csproj", "{2A51480C-712D-4EDE-BDF8-77F5C671BBDE}"
EndProject
Global
	GlobalSection(SolutionConfigurationPlatforms) = preSolution
		Debug|Any CPU = Debug|Any CPU
		Release|Any CPU = Release|Any CPU
	EndGlobalSection
	GlobalSection(ProjectConfigurationPlatforms) = postSolution
		{2A51480C-712D-4EDE-BDF8-77F5C671BBDE}.Debug|Any CPU.ActiveCfg = Debug|Any CPU
		{2A51480C-712D-4EDE-BDF8-77F5C671BBDE}.Debug|Any CPU.Build.0 = Debug|Any CPU
		{2A51480C-712D-4EDE-BDF8-77F5C671BBDE}.Release|Any CPU.ActiveCfg = Release|Any CPU
		{2A51480C-712D-4EDE-BDF8-77F5C671BBDE}.Release|Any CPU.Build.0 = Release|Any CPU
	EndGlobalSection
	GlobalSection(SolutionProperties) = preSolution
		HideSolutionNode = FALSE
	EndGlobalSection
	GlobalSection(ExtensibilityGlobals) = postSolution
		SolutionGuid = {45571779-22F7-4F68-985F-4E5CDBE9AA2D}
	EndGlobalSection
EndGlobal
